
Microsoft Visual Studio Solution File, Format Version 12.00
# Visual Studio Version 17
VisualStudioVersion = 17.14.36518.9 d17.14
MinimumVisualStudioVersion = 10.0.40219.1
Project("{FAE04EC0-301F-11D3-BF4B-00C04F79EFBC}") = "WindowsFormsApp1", "WindowsFormsApp1.csproj", "{BC72452E-557C-4ED5-A7EE-6E4809A4965D}"
EndProject
Global
	GlobalSection(SolutionConfigurationPlatforms) = preSolution
		Debug|Any CPU = Debug|Any CPU
		Release|Any CPU = Release|Any CPU
	EndGlobalSection
	GlobalSection(ProjectConfigurationPlatforms) = postSolution
		{BC72452E-557C-4ED5-A7EE-6E4809A4965D}.Debug|Any CPU.ActiveCfg = Debug|Any CPU
		{BC72452E-557C-4ED5-A7EE-6E4809A4965D}.Debug|Any CPU.Build.0 = Debug|Any CPU
		{BC72452E-557C-4ED5-A7EE-6E4809A4965D}.Release|Any CPU.ActiveCfg = Release|Any CPU
		{BC72452E-557C-4ED5-A7EE-6E4809A4965D}.Release|Any CPU.Build.0 = Release|Any CPU
	EndGlobalSection
	GlobalSection(SolutionProperties) = preSolution
		HideSolutionNode = FALSE
	EndGlobalSection
	GlobalSection(ExtensibilityGlobals) = postSolution
		SolutionGuid = {A6D8BE47-7F1B-4BA1-8F60-C2D5E5FFE511}
	EndGlobalSection
EndGlobal
